
Microsoft Visual Studio Solution File, Format Version 12.00
# Visual Studio 15
VisualStudioVersion = 15.0.28010.2041
MinimumVisualStudioVersion = 10.0.40219.1
Project("{FAE04EC0-301F-11D3-BF4B-00C04F79EFBC}") = "SchoolServiceLibrary", "SchoolServiceLibrary\SchoolServiceLibrary.csproj", "{67DFEF66-41FA-4DC1-90E5-753AC9124291}"
EndProject
Project("{FAE04EC0-301F-11D3-BF4B-00C04F79EFBC}") = "SchoolService", "SchoolService\SchoolService.csproj", "{2941470A-82AE-4723-A28B-A06E2812A621}"
EndProject
Project("{FAE04EC0-301F-11D3-BF4B-00C04F79EFBC}") = "SchoolConsole", "SchoolConsole\SchoolConsole.csproj", "{7CAB1268-4545-48D7-BBDD-7B7A22164F30}"
EndProject
Project("{FAE04EC0-301F-11D3-BF4B-00C04F79EFBC}") = "SchoolPage", "SchoolPage\SchoolPage.csproj", "{F285811B-27B5-4D67-81AD-4424C50F006B}"
EndProject
Global
	GlobalSection(SolutionConfigurationPlatforms) = preSolution
		Debug|Any CPU = Debug|Any CPU
		Release|Any CPU = Release|Any CPU
	EndGlobalSection
	GlobalSection(ProjectConfigurationPlatforms) = postSolution
		{67DFEF66-41FA-4DC1-90E5-753AC9124291}.Debug|Any CPU.ActiveCfg = Debug|Any CPU
		{67DFEF66-41FA-4DC1-90E5-753AC9124291}.Debug|Any CPU.Build.0 = Debug|Any CPU
		{67DFEF66-41FA-4DC1-90E5-753AC9124291}.Release|Any CPU.ActiveCfg = Release|Any CPU
		{67DFEF66-41FA-4DC1-90E5-753AC9124291}.Release|Any CPU.Build.0 = Release|Any CPU
		{2941470A-82AE-4723-A28B-A06E2812A621}.Debug|Any CPU.ActiveCfg = Debug|Any CPU
		{2941470A-82AE-4723-A28B-A06E2812A621}.Debug|Any CPU.Build.0 = Debug|Any CPU
		{2941470A-82AE-4723-A28B-A06E2812A621}.Release|Any CPU.ActiveCfg = Release|Any CPU
		{2941470A-82AE-4723-A28B-A06E2812A621}.Release|Any CPU.Build.0 = Release|Any CPU
		{7CAB1268-4545-48D7-BBDD-7B7A22164F30}.Debug|Any CPU.ActiveCfg = Debug|Any CPU
		{7CAB1268-4545-48D7-BBDD-7B7A22164F30}.Debug|Any CPU.Build.0 = Debug|Any CPU
		{7CAB1268-4545-48D7-BBDD-7B7A22164F30}.Release|Any CPU.ActiveCfg = Release|Any CPU
		{7CAB1268-4545-48D7-BBDD-7B7A22164F30}.Release|Any CPU.Build.0 = Release|Any CPU
		{F285811B-27B5-4D67-81AD-4424C50F006B}.Debug|Any CPU.ActiveCfg = Debug|Any CPU
		{F285811B-27B5-4D67-81AD-4424C50F006B}.Debug|Any CPU.Build.0 = Debug|Any CPU
		{F285811B-27B5-4D67-81AD-4424C50F006B}.Release|Any CPU.ActiveCfg = Release|Any CPU
		{F285811B-27B5-4D67-81AD-4424C50F006B}.Release|Any CPU.Build.0 = Release|Any CPU
	EndGlobalSection
	GlobalSection(SolutionProperties) = preSolution
		HideSolutionNode = FALSE
	EndGlobalSection
	GlobalSection(ExtensibilityGlobals) = postSolution
		SolutionGuid = {9844D96A-4C4C-48DC-800D-91048805324C}
	EndGlobalSection
EndGlobal
